
Microsoft Visual Studio Solution File, Format Version 12.00
# Visual Studio 15
VisualStudioVersion = 15.0.27130.2036
MinimumVisualStudioVersion = 10.0.40219.1
Project("{FAE04EC0-301F-11D3-BF4B-00C04F79EFBC}") = "POwSW3", "POwSW3\POwSW3.csproj", "{0F2D619A-6898-4A98-B214-4EF45D08935F}"
EndProject
Global
	GlobalSection(SolutionConfigurationPlatforms) = preSolution
		Debug|Any CPU = Debug|Any CPU
		Release|Any CPU = Release|Any CPU
	EndGlobalSection
	GlobalSection(ProjectConfigurationPlatforms) = postSolution
		{0F2D619A-6898-4A98-B214-4EF45D08935F}.Debug|Any CPU.ActiveCfg = Debug|Any CPU
		{0F2D619A-6898-4A98-B214-4EF45D08935F}.Debug|Any CPU.Build.0 = Debug|Any CPU
		{0F2D619A-6898-4A98-B214-4EF45D08935F}.Release|Any CPU.ActiveCfg = Release|Any CPU
		{0F2D619A-6898-4A98-B214-4EF45D08935F}.Release|Any CPU.Build.0 = Release|Any CPU
	EndGlobalSection
	GlobalSection(SolutionProperties) = preSolution
		HideSolutionNode = FALSE
	EndGlobalSection
	GlobalSection(ExtensibilityGlobals) = postSolution
		SolutionGuid = {8B9765C5-3B8E-4687-B99F-449ADB0F1167}
	EndGlobalSection
EndGlobal
